// !$*UTF8*$!
{
	archiveVersion = 1;
	classes = {
	};
	objectVersion = 56;
	objects = {

/* Begin PBXBuildFile section */
		18583F302C43BA8F007DB4FA /* SunTrack_ForcastApp.swift in Sources */ = {isa = PBXBuildFile; fileRef = 18583F2F2C43BA8F007DB4FA /* SunTrack_ForcastApp.swift */; };
		18583F322C43BA8F007DB4FA /* ContentView.swift in Sources */ = {isa = PBXBuildFile; fileRef = 18583F312C43BA8F007DB4FA /* ContentView.swift */; };
		18583F342C43BA90007DB4FA /* Assets.xcassets in Resources */ = {isa = PBXBuildFile; fileRef = 18583F332C43BA90007DB4FA /* Assets.xcassets */; };
		18583F372C43BA90007DB4FA /* Preview Assets.xcassets in Resources */ = {isa = PBXBuildFile; fileRef = 18583F362C43BA90007DB4FA /* Preview Assets.xcassets */; };
		18583F412C43BA90007DB4FA /* SunTrack_ForcastTests.swift in Sources */ = {isa = PBXBuildFile; fileRef = 18583F402C43BA90007DB4FA /* SunTrack_ForcastTests.swift */; };
		18583F4B2C43BA91007DB4FA /* SunTrack_ForcastUITests.swift in Sources */ = {isa = PBXBuildFile; fileRef = 18583F4A2C43BA90007DB4FA /* SunTrack_ForcastUITests.swift */; };
		18583F4D2C43BA91007DB4FA /* SunTrack_ForcastUITestsLaunchTests.swift in Sources */ = {isa = PBXBuildFile; fileRef = 18583F4C2C43BA91007DB4FA /* SunTrack_ForcastUITestsLaunchTests.swift */; };
		1872D3382C446A1200FB8C4D /* DashboardView.swift in Sources */ = {isa = PBXBuildFile; fileRef = 1872D3372C446A1200FB8C4D /* DashboardView.swift */; };
		9FF1A1D42C4403B9001CEFAB /* ViewModel.swift in Sources */ = {isa = PBXBuildFile; fileRef = 9FF1A1D32C4403B9001CEFAB /* ViewModel.swift */; };
		9FF1A1D62C440463001CEFAB /* EntryUserValuesView.swift in Sources */ = {isa = PBXBuildFile; fileRef = 9FF1A1D52C440463001CEFAB /* EntryUserValuesView.swift */; };
		9FF1A2002C445BCD001CEFAB /* WeatherData.swift in Sources */ = {isa = PBXBuildFile; fileRef = 9FF1A1FF2C445BCD001CEFAB /* WeatherData.swift */; };
		9FF1A2032C445C23001CEFAB /* OpenMeteoSdk in Frameworks */ = {isa = PBXBuildFile; productRef = 9FF1A2022C445C23001CEFAB /* OpenMeteoSdk */; };
		9FF1A2052C445D42001CEFAB /* DayResultData.swift in Sources */ = {isa = PBXBuildFile; fileRef = 9FF1A2042C445D42001CEFAB /* DayResultData.swift */; };
		9FF23CFE2C4515A600D939A9 /* KWHForecastChart.swift in Sources */ = {isa = PBXBuildFile; fileRef = 9FF23CFD2C4515A600D939A9 /* KWHForecastChart.swift */; };
/* End PBXBuildFile section */

/* Begin PBXContainerItemProxy section */
		18583F3D2C43BA90007DB4FA /* PBXContainerItemProxy */ = {
			isa = PBXContainerItemProxy;
			containerPortal = 18583F242C43BA8F007DB4FA /* Project object */;
			proxyType = 1;
			remoteGlobalIDString = 18583F2B2C43BA8F007DB4FA;
			remoteInfo = "SunTrack Forcast";
		};
		18583F472C43BA90007DB4FA /* PBXContainerItemProxy */ = {
			isa = PBXContainerItemProxy;
			containerPortal = 18583F242C43BA8F007DB4FA /* Project object */;
			proxyType = 1;
			remoteGlobalIDString = 18583F2B2C43BA8F007DB4FA;
			remoteInfo = "SunTrack Forcast";
		};
/* End PBXContainerItemProxy section */

/* Begin PBXFileReference section */
		18583F2C2C43BA8F007DB4FA /* SunTrack Forcast.app */ = {isa = PBXFileReference; explicitFileType = wrapper.application; includeInIndex = 0; path = "SunTrack Forcast.app"; sourceTree = BUILT_PRODUCTS_DIR; };
		18583F2F2C43BA8F007DB4FA /* SunTrack_ForcastApp.swift */ = {isa = PBXFileReference; lastKnownFileType = sourcecode.swift; path = SunTrack_ForcastApp.swift; sourceTree = "<group>"; };
		18583F312C43BA8F007DB4FA /* ContentView.swift */ = {isa = PBXFileReference; lastKnownFileType = sourcecode.swift; path = ContentView.swift; sourceTree = "<group>"; };
		18583F332C43BA90007DB4FA /* Assets.xcassets */ = {isa = PBXFileReference; lastKnownFileType = folder.assetcatalog; path = Assets.xcassets; sourceTree = "<group>"; };
		18583F362C43BA90007DB4FA /* Preview Assets.xcassets */ = {isa = PBXFileReference; lastKnownFileType = folder.assetcatalog; path = "Preview Assets.xcassets"; sourceTree = "<group>"; };
		18583F3C2C43BA90007DB4FA /* SunTrack ForcastTests.xctest */ = {isa = PBXFileReference; explicitFileType = wrapper.cfbundle; includeInIndex = 0; path = "SunTrack ForcastTests.xctest"; sourceTree = BUILT_PRODUCTS_DIR; };
		18583F402C43BA90007DB4FA /* SunTrack_ForcastTests.swift */ = {isa = PBXFileReference; lastKnownFileType = sourcecode.swift; path = SunTrack_ForcastTests.swift; sourceTree = "<group>"; };
		18583F462C43BA90007DB4FA /* SunTrack ForcastUITests.xctest */ = {isa = PBXFileReference; explicitFileType = wrapper.cfbundle; includeInIndex = 0; path = "SunTrack ForcastUITests.xctest"; sourceTree = BUILT_PRODUCTS_DIR; };
		18583F4A2C43BA90007DB4FA /* SunTrack_ForcastUITests.swift */ = {isa = PBXFileReference; lastKnownFileType = sourcecode.swift; path = SunTrack_ForcastUITests.swift; sourceTree = "<group>"; };
		18583F4C2C43BA91007DB4FA /* SunTrack_ForcastUITestsLaunchTests.swift */ = {isa = PBXFileReference; lastKnownFileType = sourcecode.swift; path = SunTrack_ForcastUITestsLaunchTests.swift; sourceTree = "<group>"; };
		1872D3372C446A1200FB8C4D /* DashboardView.swift */ = {isa = PBXFileReference; lastKnownFileType = sourcecode.swift; path = DashboardView.swift; sourceTree = "<group>"; };
		9FF1A1D32C4403B9001CEFAB /* ViewModel.swift */ = {isa = PBXFileReference; lastKnownFileType = sourcecode.swift; path = ViewModel.swift; sourceTree = "<group>"; };
		9FF1A1D52C440463001CEFAB /* EntryUserValuesView.swift */ = {isa = PBXFileReference; lastKnownFileType = sourcecode.swift; path = EntryUserValuesView.swift; sourceTree = "<group>"; };
		9FF1A1FF2C445BCD001CEFAB /* WeatherData.swift */ = {isa = PBXFileReference; lastKnownFileType = sourcecode.swift; path = WeatherData.swift; sourceTree = "<group>"; };
		9FF1A2042C445D42001CEFAB /* DayResultData.swift */ = {isa = PBXFileReference; lastKnownFileType = sourcecode.swift; path = DayResultData.swift; sourceTree = "<group>"; };
		9FF23CFD2C4515A600D939A9 /* KWHForecastChart.swift */ = {isa = PBXFileReference; lastKnownFileType = sourcecode.swift; path = KWHForecastChart.swift; sourceTree = "<group>"; };
/* End PBXFileReference section */

/* Begin PBXFrameworksBuildPhase section */
		18583F292C43BA8F007DB4FA /* Frameworks */ = {
			isa = PBXFrameworksBuildPhase;
			buildActionMask = 2147483647;
			files = (
				9FF1A2032C445C23001CEFAB /* OpenMeteoSdk in Frameworks */,
			);
			runOnlyForDeploymentPostprocessing = 0;
		};
		18583F392C43BA90007DB4FA /* Frameworks */ = {
			isa = PBXFrameworksBuildPhase;
			buildActionMask = 2147483647;
			files = (
			);
			runOnlyForDeploymentPostprocessing = 0;
		};
		18583F432C43BA90007DB4FA /* Frameworks */ = {
			isa = PBXFrameworksBuildPhase;
			buildActionMask = 2147483647;
			files = (
			);
			runOnlyForDeploymentPostprocessing = 0;
		};
/* End PBXFrameworksBuildPhase section */

/* Begin PBXGroup section */
		18583F232C43BA8F007DB4FA = {
			isa = PBXGroup;
			children = (
				18583F2E2C43BA8F007DB4FA /* SunTrack Forcast */,
				18583F3F2C43BA90007DB4FA /* SunTrack ForcastTests */,
				18583F492C43BA90007DB4FA /* SunTrack ForcastUITests */,
				18583F2D2C43BA8F007DB4FA /* Products */,
				9FF1A2012C445C23001CEFAB /* Frameworks */,
			);
			sourceTree = "<group>";
		};
		18583F2D2C43BA8F007DB4FA /* Products */ = {
			isa = PBXGroup;
			children = (
				18583F2C2C43BA8F007DB4FA /* SunTrack Forcast.app */,
				18583F3C2C43BA90007DB4FA /* SunTrack ForcastTests.xctest */,
				18583F462C43BA90007DB4FA /* SunTrack ForcastUITests.xctest */,
			);
			name = Products;
			sourceTree = "<group>";
		};
		18583F2E2C43BA8F007DB4FA /* SunTrack Forcast */ = {
			isa = PBXGroup;
			children = (
				9FF1A1D32C4403B9001CEFAB /* ViewModel.swift */,
				18583F2F2C43BA8F007DB4FA /* SunTrack_ForcastApp.swift */,
				18583F312C43BA8F007DB4FA /* ContentView.swift */,
				9FF1A1D52C440463001CEFAB /* EntryUserValuesView.swift */,
				9FF1A2042C445D42001CEFAB /* DayResultData.swift */,
				9FF1A1FF2C445BCD001CEFAB /* WeatherData.swift */,
				18583F332C43BA90007DB4FA /* Assets.xcassets */,
				18583F352C43BA90007DB4FA /* Preview Content */,
				1872D3372C446A1200FB8C4D /* DashboardView.swift */,
				9FF23CFD2C4515A600D939A9 /* KWHForecastChart.swift */,
			);
			path = "SunTrack Forcast";
			sourceTree = "<group>";
		};
		18583F352C43BA90007DB4FA /* Preview Content */ = {
			isa = PBXGroup;
			children = (
				18583F362C43BA90007DB4FA /* Preview Assets.xcassets */,
			);
			path = "Preview Content";
			sourceTree = "<group>";
		};
		18583F3F2C43BA90007DB4FA /* SunTrack ForcastTests */ = {
			isa = PBXGroup;
			children = (
				18583F402C43BA90007DB4FA /* SunTrack_ForcastTests.swift */,
			);
			path = "SunTrack ForcastTests";
			sourceTree = "<group>";
		};
		18583F492C43BA90007DB4FA /* SunTrack ForcastUITests */ = {
			isa = PBXGroup;
			children = (
				18583F4A2C43BA90007DB4FA /* SunTrack_ForcastUITests.swift */,
				18583F4C2C43BA91007DB4FA /* SunTrack_ForcastUITestsLaunchTests.swift */,
			);
			path = "SunTrack ForcastUITests";
			sourceTree = "<group>";
		};
		9FF1A2012C445C23001CEFAB /* Frameworks */ = {
			isa = PBXGroup;
			children = (
			);
			name = Frameworks;
			sourceTree = "<group>";
		};
/* End PBXGroup section */

/* Begin PBXNativeTarget section */
		18583F2B2C43BA8F007DB4FA /* SunTrack Forcast */ = {
			isa = PBXNativeTarget;
			buildConfigurationList = 18583F502C43BA91007DB4FA /* Build configuration list for PBXNativeTarget "SunTrack Forcast" */;
			buildPhases = (
				18583F282C43BA8F007DB4FA /* Sources */,
				18583F292C43BA8F007DB4FA /* Frameworks */,
				18583F2A2C43BA8F007DB4FA /* Resources */,
			);
			buildRules = (
			);
			dependencies = (
			);
			name = "SunTrack Forcast";
			packageProductDependencies = (
				9FF1A2022C445C23001CEFAB /* OpenMeteoSdk */,
			);
			productName = "SunTrack Forcast";
			productReference = 18583F2C2C43BA8F007DB4FA /* SunTrack Forcast.app */;
			productType = "com.apple.product-type.application";
		};
		18583F3B2C43BA90007DB4FA /* SunTrack ForcastTests */ = {
			isa = PBXNativeTarget;
			buildConfigurationList = 18583F532C43BA91007DB4FA /* Build configuration list for PBXNativeTarget "SunTrack ForcastTests" */;
			buildPhases = (
				18583F382C43BA90007DB4FA /* Sources */,
				18583F392C43BA90007DB4FA /* Frameworks */,
				18583F3A2C43BA90007DB4FA /* Resources */,
			);
			buildRules = (
			);
			dependencies = (
				18583F3E2C43BA90007DB4FA /* PBXTargetDependency */,
			);
			name = "SunTrack ForcastTests";
			productName = "SunTrack ForcastTests";
			productReference = 18583F3C2C43BA90007DB4FA /* SunTrack ForcastTests.xctest */;
			productType = "com.apple.product-type.bundle.unit-test";
		};
		18583F452C43BA90007DB4FA /* SunTrack ForcastUITests */ = {
			isa = PBXNativeTarget;
			buildConfigurationList = 18583F562C43BA91007DB4FA /* Build configuration list for PBXNativeTarget "SunTrack ForcastUITests" */;
			buildPhases = (
				18583F422C43BA90007DB4FA /* Sources */,
				18583F432C43BA90007DB4FA /* Frameworks */,
				18583F442C43BA90007DB4FA /* Resources */,
			);
			buildRules = (
			);
			dependencies = (
				18583F482C43BA90007DB4FA /* PBXTargetDependency */,
			);
			name = "SunTrack ForcastUITests";
			productName = "SunTrack ForcastUITests";
			productReference = 18583F462C43BA90007DB4FA /* SunTrack ForcastUITests.xctest */;
			productType = "com.apple.product-type.bundle.ui-testing";
		};
/* End PBXNativeTarget section */

/* Begin PBXProject section */
		18583F242C43BA8F007DB4FA /* Project object */ = {
			isa = PBXProject;
			attributes = {
				BuildIndependentTargetsInParallel = 1;
				LastSwiftUpdateCheck = 1540;
				LastUpgradeCheck = 1540;
				TargetAttributes = {
					18583F2B2C43BA8F007DB4FA = {
						CreatedOnToolsVersion = 15.4;
					};
					18583F3B2C43BA90007DB4FA = {
						CreatedOnToolsVersion = 15.4;
						TestTargetID = 18583F2B2C43BA8F007DB4FA;
					};
					18583F452C43BA90007DB4FA = {
						CreatedOnToolsVersion = 15.4;
						TestTargetID = 18583F2B2C43BA8F007DB4FA;
					};
				};
			};
			buildConfigurationList = 18583F272C43BA8F007DB4FA /* Build configuration list for PBXProject "SunTrack Forcast" */;
			compatibilityVersion = "Xcode 14.0";
			developmentRegion = en;
			hasScannedForEncodings = 0;
			knownRegions = (
				en,
				Base,
			);
			mainGroup = 18583F232C43BA8F007DB4FA;
			packageReferences = (
				18A97B212C43DEFC00CB917B /* XCRemoteSwiftPackageReference "sdk" */,
			);
			productRefGroup = 18583F2D2C43BA8F007DB4FA /* Products */;
			projectDirPath = "";
			projectRoot = "";
			targets = (
				18583F2B2C43BA8F007DB4FA /* SunTrack Forcast */,
				18583F3B2C43BA90007DB4FA /* SunTrack ForcastTests */,
				18583F452C43BA90007DB4FA /* SunTrack ForcastUITests */,
			);
		};
/* End PBXProject section */

/* Begin PBXResourcesBuildPhase section */
		18583F2A2C43BA8F007DB4FA /* Resources */ = {
			isa = PBXResourcesBuildPhase;
			buildActionMask = 2147483647;
			files = (
				18583F372C43BA90007DB4FA /* Preview Assets.xcassets in Resources */,
				18583F342C43BA90007DB4FA /* Assets.xcassets in Resources */,
			);
			runOnlyForDeploymentPostprocessing = 0;
		};
		18583F3A2C43BA90007DB4FA /* Resources */ = {
			isa = PBXResourcesBuildPhase;
			buildActionMask = 2147483647;
			files = (
			);
			runOnlyForDeploymentPostprocessing = 0;
		};
		18583F442C43BA90007DB4FA /* Resources */ = {
			isa = PBXResourcesBuildPhase;
			buildActionMask = 2147483647;
			files = (
			);
			runOnlyForDeploymentPostprocessing = 0;
		};
/* End PBXResourcesBuildPhase section */

/* Begin PBXSourcesBuildPhase section */
		18583F282C43BA8F007DB4FA /* Sources */ = {
			isa = PBXSourcesBuildPhase;
			buildActionMask = 2147483647;
			files = (
				9FF1A1D62C440463001CEFAB /* EntryUserValuesView.swift in Sources */,
				9FF1A2052C445D42001CEFAB /* DayResultData.swift in Sources */,
				9FF1A2002C445BCD001CEFAB /* WeatherData.swift in Sources */,
				18583F322C43BA8F007DB4FA /* ContentView.swift in Sources */,
				9FF23CFE2C4515A600D939A9 /* KWHForecastChart.swift in Sources */,
				1872D3382C446A1200FB8C4D /* DashboardView.swift in Sources */,
				9FF1A1D42C4403B9001CEFAB /* ViewModel.swift in Sources */,
				18583F302C43BA8F007DB4FA /* SunTrack_ForcastApp.swift in Sources */,
			);
			runOnlyForDeploymentPostprocessing = 0;
		};
		18583F382C43BA90007DB4FA /* Sources */ = {
			isa = PBXSourcesBuildPhase;
			buildActionMask = 2147483647;
			files = (
				18583F412C43BA90007DB4FA /* SunTrack_ForcastTests.swift in Sources */,
			);
			runOnlyForDeploymentPostprocessing = 0;
		};
		18583F422C43BA90007DB4FA /* Sources */ = {
			isa = PBXSourcesBuildPhase;
			buildActionMask = 2147483647;
			files = (
				18583F4D2C43BA91007DB4FA /* SunTrack_ForcastUITestsLaunchTests.swift in Sources */,
				18583F4B2C43BA91007DB4FA /* SunTrack_ForcastUITests.swift in Sources */,
			);
			runOnlyForDeploymentPostprocessing = 0;
		};
/* End PBXSourcesBuildPhase section */

/* Begin PBXTargetDependency section */
		18583F3E2C43BA90007DB4FA /* PBXTargetDependency */ = {
			isa = PBXTargetDependency;
			target = 18583F2B2C43BA8F007DB4FA /* SunTrack Forcast */;
			targetProxy = 18583F3D2C43BA90007DB4FA /* PBXContainerItemProxy */;
		};
		18583F482C43BA90007DB4FA /* PBXTargetDependency */ = {
			isa = PBXTargetDependency;
			target = 18583F2B2C43BA8F007DB4FA /* SunTrack Forcast */;
			targetProxy = 18583F472C43BA90007DB4FA /* PBXContainerItemProxy */;
		};
/* End PBXTargetDependency section */

/* Begin XCBuildConfiguration section */
		18583F4E2C43BA91007DB4FA /* Debug */ = {
			isa = XCBuildConfiguration;
			buildSettings = {
				ALWAYS_SEARCH_USER_PATHS = NO;
				ASSETCATALOG_COMPILER_GENERATE_SWIFT_ASSET_SYMBOL_EXTENSIONS = YES;
				CLANG_ANALYZER_NONNULL = YES;
				CLANG_ANALYZER_NUMBER_OBJECT_CONVERSION = YES_AGGRESSIVE;
				CLANG_CXX_LANGUAGE_STANDARD = "gnu++20";
				CLANG_ENABLE_MODULES = YES;
				CLANG_ENABLE_OBJC_ARC = YES;
				CLANG_ENABLE_OBJC_WEAK = YES;
				CLANG_WARN_BLOCK_CAPTURE_AUTORELEASING = YES;
				CLANG_WARN_BOOL_CONVERSION = YES;
				CLANG_WARN_COMMA = YES;
				CLANG_WARN_CONSTANT_CONVERSION = YES;
				CLANG_WARN_DEPRECATED_OBJC_IMPLEMENTATIONS = YES;
				CLANG_WARN_DIRECT_OBJC_ISA_USAGE = YES_ERROR;
				CLANG_WARN_DOCUMENTATION_COMMENTS = YES;
				CLANG_WARN_EMPTY_BODY = YES;
				CLANG_WARN_ENUM_CONVERSION = YES;
				CLANG_WARN_INFINITE_RECURSION = YES;
				CLANG_WARN_INT_CONVERSION = YES;
				CLANG_WARN_NON_LITERAL_NULL_CONVERSION = YES;
				CLANG_WARN_OBJC_IMPLICIT_RETAIN_SELF = YES;
				CLANG_WARN_OBJC_LITERAL_CONVERSION = YES;
				CLANG_WARN_OBJC_ROOT_CLASS = YES_ERROR;
				CLANG_WARN_QUOTED_INCLUDE_IN_FRAMEWORK_HEADER = YES;
				CLANG_WARN_RANGE_LOOP_ANALYSIS = YES;
				CLANG_WARN_STRICT_PROTOTYPES = YES;
				CLANG_WARN_SUSPICIOUS_MOVE = YES;
				CLANG_WARN_UNGUARDED_AVAILABILITY = YES_AGGRESSIVE;
				CLANG_WARN_UNREACHABLE_CODE = YES;
				CLANG_WARN__DUPLICATE_METHOD_MATCH = YES;
				COPY_PHASE_STRIP = NO;
				DEBUG_INFORMATION_FORMAT = dwarf;
				ENABLE_STRICT_OBJC_MSGSEND = YES;
				ENABLE_TESTABILITY = YES;
				ENABLE_USER_SCRIPT_SANDBOXING = YES;
				GCC_C_LANGUAGE_STANDARD = gnu17;
				GCC_DYNAMIC_NO_PIC = NO;
				GCC_NO_COMMON_BLOCKS = YES;
				GCC_OPTIMIZATION_LEVEL = 0;
				GCC_PREPROCESSOR_DEFINITIONS = (
					"DEBUG=1",
					"$(inherited)",
				);
				GCC_WARN_64_TO_32_BIT_CONVERSION = YES;
				GCC_WARN_ABOUT_RETURN_TYPE = YES_ERROR;
				GCC_WARN_UNDECLARED_SELECTOR = YES;
				GCC_WARN_UNINITIALIZED_AUTOS = YES_AGGRESSIVE;
				GCC_WARN_UNUSED_FUNCTION = YES;
				GCC_WARN_UNUSED_VARIABLE = YES;
				IPHONEOS_DEPLOYMENT_TARGET = 17.5;
				LOCALIZATION_PREFERS_STRING_CATALOGS = YES;
				MTL_ENABLE_DEBUG_INFO = INCLUDE_SOURCE;
				MTL_FAST_MATH = YES;
				ONLY_ACTIVE_ARCH = YES;
				SDKROOT = iphoneos;
				SWIFT_ACTIVE_COMPILATION_CONDITIONS = "DEBUG $(inherited)";
				SWIFT_OPTIMIZATION_LEVEL = "-Onone";
			};
			name = Debug;
		};
		18583F4F2C43BA91007DB4FA /* Release */ = {
			isa = XCBuildConfiguration;
			buildSettings = {
				ALWAYS_SEARCH_USER_PATHS = NO;
				ASSETCATALOG_COMPILER_GENERATE_SWIFT_ASSET_SYMBOL_EXTENSIONS = YES;
				CLANG_ANALYZER_NONNULL = YES;
				CLANG_ANALYZER_NUMBER_OBJECT_CONVERSION = YES_AGGRESSIVE;
				CLANG_CXX_LANGUAGE_STANDARD = "gnu++20";
				CLANG_ENABLE_MODULES = YES;
				CLANG_ENABLE_OBJC_ARC = YES;
				CLANG_ENABLE_OBJC_WEAK = YES;
				CLANG_WARN_BLOCK_CAPTURE_AUTORELEASING = YES;
				CLANG_WARN_BOOL_CONVERSION = YES;
				CLANG_WARN_COMMA = YES;
				CLANG_WARN_CONSTANT_CONVERSION = YES;
				CLANG_WARN_DEPRECATED_OBJC_IMPLEMENTATIONS = YES;
				CLANG_WARN_DIRECT_OBJC_ISA_USAGE = YES_ERROR;
				CLANG_WARN_DOCUMENTATION_COMMENTS = YES;
				CLANG_WARN_EMPTY_BODY = YES;
				CLANG_WARN_ENUM_CONVERSION = YES;
				CLANG_WARN_INFINITE_RECURSION = YES;
				CLANG_WARN_INT_CONVERSION = YES;
				CLANG_WARN_NON_LITERAL_NULL_CONVERSION = YES;
				CLANG_WARN_OBJC_IMPLICIT_RETAIN_SELF = YES;
				CLANG_WARN_OBJC_LITERAL_CONVERSION = YES;
				CLANG_WARN_OBJC_ROOT_CLASS = YES_ERROR;
				CLANG_WARN_QUOTED_INCLUDE_IN_FRAMEWORK_HEADER = YES;
				CLANG_WARN_RANGE_LOOP_ANALYSIS = YES;
				CLANG_WARN_STRICT_PROTOTYPES = YES;
				CLANG_WARN_SUSPICIOUS_MOVE = YES;
				CLANG_WARN_UNGUARDED_AVAILABILITY = YES_AGGRESSIVE;
				CLANG_WARN_UNREACHABLE_CODE = YES;
				CLANG_WARN__DUPLICATE_METHOD_MATCH = YES;
				COPY_PHASE_STRIP = NO;
				DEBUG_INFORMATION_FORMAT = "dwarf-with-dsym";
				ENABLE_NS_ASSERTIONS = NO;
				ENABLE_STRICT_OBJC_MSGSEND = YES;
				ENABLE_USER_SCRIPT_SANDBOXING = YES;
				GCC_C_LANGUAGE_STANDARD = gnu17;
				GCC_NO_COMMON_BLOCKS = YES;
				GCC_WARN_64_TO_32_BIT_CONVERSION = YES;
				GCC_WARN_ABOUT_RETURN_TYPE = YES_ERROR;
				GCC_WARN_UNDECLARED_SELECTOR = YES;
				GCC_WARN_UNINITIALIZED_AUTOS = YES_AGGRESSIVE;
				GCC_WARN_UNUSED_FUNCTION = YES;
				GCC_WARN_UNUSED_VARIABLE = YES;
				IPHONEOS_DEPLOYMENT_TARGET = 17.5;
				LOCALIZATION_PREFERS_STRING_CATALOGS = YES;
				MTL_ENABLE_DEBUG_INFO = NO;
				MTL_FAST_MATH = YES;
				SDKROOT = iphoneos;
				SWIFT_COMPILATION_MODE = wholemodule;
				VALIDATE_PRODUCT = YES;
			};
			name = Release;
		};
		18583F512C43BA91007DB4FA /* Debug */ = {
			isa = XCBuildConfiguration;
			buildSettings = {
				ASSETCATALOG_COMPILER_APPICON_NAME = AppIcon;
				ASSETCATALOG_COMPILER_GLOBAL_ACCENT_COLOR_NAME = AccentColor;
				CODE_SIGN_STYLE = Automatic;
				CURRENT_PROJECT_VERSION = 1;
				DEVELOPMENT_ASSET_PATHS = "\"SunTrack Forcast/Preview Content\"";
				DEVELOPMENT_TEAM = 5B4LV69C8H;
				ENABLE_PREVIEWS = YES;
				GENERATE_INFOPLIST_FILE = YES;
				INFOPLIST_KEY_UIApplicationSceneManifest_Generation = YES;
				INFOPLIST_KEY_UIApplicationSupportsIndirectInputEvents = YES;
				INFOPLIST_KEY_UILaunchScreen_Generation = YES;
				INFOPLIST_KEY_UISupportedInterfaceOrientations_iPad = "UIInterfaceOrientationPortrait UIInterfaceOrientationPortraitUpsideDown UIInterfaceOrientationLandscapeLeft UIInterfaceOrientationLandscapeRight";
				INFOPLIST_KEY_UISupportedInterfaceOrientations_iPhone = "UIInterfaceOrientationPortrait UIInterfaceOrientationLandscapeLeft UIInterfaceOrientationLandscapeRight";
				LD_RUNPATH_SEARCH_PATHS = (
					"$(inherited)",
					"@executable_path/Frameworks",
				);
				MARKETING_VERSION = 1.0;
				PRODUCT_BUNDLE_IDENTIFIER = "com.Swift-Ninjas.SunTrack-Forcast";
				PRODUCT_NAME = "$(TARGET_NAME)";
				SWIFT_EMIT_LOC_STRINGS = YES;
				SWIFT_VERSION = 5.0;
				TARGETED_DEVICE_FAMILY = "1,2";
			};
			name = Debug;
		};
		18583F522C43BA91007DB4FA /* Release */ = {
			isa = XCBuildConfiguration;
			buildSettings = {
				ASSETCATALOG_COMPILER_APPICON_NAME = AppIcon;
				ASSETCATALOG_COMPILER_GLOBAL_ACCENT_COLOR_NAME = AccentColor;
				CODE_SIGN_STYLE = Automatic;
				CURRENT_PROJECT_VERSION = 1;
				DEVELOPMENT_ASSET_PATHS = "\"SunTrack Forcast/Preview Content\"";
				DEVELOPMENT_TEAM = 5B4LV69C8H;
				ENABLE_PREVIEWS = YES;
				GENERATE_INFOPLIST_FILE = YES;
				INFOPLIST_KEY_UIApplicationSceneManifest_Generation = YES;
				INFOPLIST_KEY_UIApplicationSupportsIndirectInputEvents = YES;
				INFOPLIST_KEY_UILaunchScreen_Generation = YES;
				INFOPLIST_KEY_UISupportedInterfaceOrientations_iPad = "UIInterfaceOrientationPortrait UIInterfaceOrientationPortraitUpsideDown UIInterfaceOrientationLandscapeLeft UIInterfaceOrientationLandscapeRight";
				INFOPLIST_KEY_UISupportedInterfaceOrientations_iPhone = "UIInterfaceOrientationPortrait UIInterfaceOrientationLandscapeLeft UIInterfaceOrientationLandscapeRight";
				LD_RUNPATH_SEARCH_PATHS = (
					"$(inherited)",
					"@executable_path/Frameworks",
				);
				MARKETING_VERSION = 1.0;
				PRODUCT_BUNDLE_IDENTIFIER = "com.Swift-Ninjas.SunTrack-Forcast";
				PRODUCT_NAME = "$(TARGET_NAME)";
				SWIFT_EMIT_LOC_STRINGS = YES;
				SWIFT_VERSION = 5.0;
				TARGETED_DEVICE_FAMILY = "1,2";
			};
			name = Release;
		};
		18583F542C43BA91007DB4FA /* Debug */ = {
			isa = XCBuildConfiguration;
			buildSettings = {
				ALWAYS_EMBED_SWIFT_STANDARD_LIBRARIES = YES;
				BUNDLE_LOADER = "$(TEST_HOST)";
				CODE_SIGN_STYLE = Automatic;
				CURRENT_PROJECT_VERSION = 1;
				DEVELOPMENT_TEAM = 9TH9H3ZP2U;
				GENERATE_INFOPLIST_FILE = YES;
				IPHONEOS_DEPLOYMENT_TARGET = 17.5;
				MARKETING_VERSION = 1.0;
				PRODUCT_BUNDLE_IDENTIFIER = "com.Swift-Ninjas.SunTrack-ForcastTests";
				PRODUCT_NAME = "$(TARGET_NAME)";
				SWIFT_EMIT_LOC_STRINGS = NO;
				SWIFT_VERSION = 5.0;
				TARGETED_DEVICE_FAMILY = "1,2";
				TEST_HOST = "$(BUILT_PRODUCTS_DIR)/SunTrack Forcast.app/$(BUNDLE_EXECUTABLE_FOLDER_PATH)/SunTrack Forcast";
			};
			name = Debug;
		};
		18583F552C43BA91007DB4FA /* Release */ = {
			isa = XCBuildConfiguration;
			buildSettings = {
				ALWAYS_EMBED_SWIFT_STANDARD_LIBRARIES = YES;
				BUNDLE_LOADER = "$(TEST_HOST)";
				CODE_SIGN_STYLE = Automatic;
				CURRENT_PROJECT_VERSION = 1;
				DEVELOPMENT_TEAM = 9TH9H3ZP2U;
				GENERATE_INFOPLIST_FILE = YES;
				IPHONEOS_DEPLOYMENT_TARGET = 17.5;
				MARKETING_VERSION = 1.0;
				PRODUCT_BUNDLE_IDENTIFIER = "com.Swift-Ninjas.SunTrack-ForcastTests";
				PRODUCT_NAME = "$(TARGET_NAME)";
				SWIFT_EMIT_LOC_STRINGS = NO;
				SWIFT_VERSION = 5.0;
				TARGETED_DEVICE_FAMILY = "1,2";
				TEST_HOST = "$(BUILT_PRODUCTS_DIR)/SunTrack Forcast.app/$(BUNDLE_EXECUTABLE_FOLDER_PATH)/SunTrack Forcast";
			};
			name = Release;
		};
		18583F572C43BA91007DB4FA /* Debug */ = {
			isa = XCBuildConfiguration;
			buildSettings = {
				ALWAYS_EMBED_SWIFT_STANDARD_LIBRARIES = YES;
				CODE_SIGN_STYLE = Automatic;
				CURRENT_PROJECT_VERSION = 1;
				DEVELOPMENT_TEAM = 9TH9H3ZP2U;
				GENERATE_INFOPLIST_FILE = YES;
				MARKETING_VERSION = 1.0;
				PRODUCT_BUNDLE_IDENTIFIER = "com.Swift-Ninjas.SunTrack-ForcastUITests";
				PRODUCT_NAME = "$(TARGET_NAME)";
				SWIFT_EMIT_LOC_STRINGS = NO;
				SWIFT_VERSION = 5.0;
				TARGETED_DEVICE_FAMILY = "1,2";
				TEST_TARGET_NAME = "SunTrack Forcast";
			};
			name = Debug;
		};
		18583F582C43BA91007DB4FA /* Release */ = {
			isa = XCBuildConfiguration;
			buildSettings = {
				ALWAYS_EMBED_SWIFT_STANDARD_LIBRARIES = YES;
				CODE_SIGN_STYLE = Automatic;
				CURRENT_PROJECT_VERSION = 1;
				DEVELOPMENT_TEAM = 9TH9H3ZP2U;
				GENERATE_INFOPLIST_FILE = YES;
				MARKETING_VERSION = 1.0;
				PRODUCT_BUNDLE_IDENTIFIER = "com.Swift-Ninjas.SunTrack-ForcastUITests";
				PRODUCT_NAME = "$(TARGET_NAME)";
				SWIFT_EMIT_LOC_STRINGS = NO;
				SWIFT_VERSION = 5.0;
				TARGETED_DEVICE_FAMILY = "1,2";
				TEST_TARGET_NAME = "SunTrack Forcast";
			};
			name = Release;
		};
/* End XCBuildConfiguration section */

/* Begin XCConfigurationList section */
		18583F272C43BA8F007DB4FA /* Build configuration list for PBXProject "SunTrack Forcast" */ = {
			isa = XCConfigurationList;
			buildConfigurations = (
				18583F4E2C43BA91007DB4FA /* Debug */,
				18583F4F2C43BA91007DB4FA /* Release */,
			);
			defaultConfigurationIsVisible = 0;
			defaultConfigurationName = Release;
		};
		18583F502C43BA91007DB4FA /* Build configuration list for PBXNativeTarget "SunTrack Forcast" */ = {
			isa = XCConfigurationList;
			buildConfigurations = (
				18583F512C43BA91007DB4FA /* Debug */,
				18583F522C43BA91007DB4FA /* Release */,
			);
			defaultConfigurationIsVisible = 0;
			defaultConfigurationName = Release;
		};
		18583F532C43BA91007DB4FA /* Build configuration list for PBXNativeTarget "SunTrack ForcastTests" */ = {
			isa = XCConfigurationList;
			buildConfigurations = (
				18583F542C43BA91007DB4FA /* Debug */,
				18583F552C43BA91007DB4FA /* Release */,
			);
			defaultConfigurationIsVisible = 0;
			defaultConfigurationName = Release;
		};
		18583F562C43BA91007DB4FA /* Build configuration list for PBXNativeTarget "SunTrack ForcastUITests" */ = {
			isa = XCConfigurationList;
			buildConfigurations = (
				18583F572C43BA91007DB4FA /* Debug */,
				18583F582C43BA91007DB4FA /* Release */,
			);
			defaultConfigurationIsVisible = 0;
			defaultConfigurationName = Release;
		};
/* End XCConfigurationList section */

/* Begin XCRemoteSwiftPackageReference section */
		18A97B212C43DEFC00CB917B /* XCRemoteSwiftPackageReference "sdk" */ = {
			isa = XCRemoteSwiftPackageReference;
			repositoryURL = "https://github.com/open-meteo/sdk.git";
			requirement = {
				branch = main;
				kind = branch;
			};
		};
/* End XCRemoteSwiftPackageReference section */

/* Begin XCSwiftPackageProductDependency section */
		9FF1A2022C445C23001CEFAB /* OpenMeteoSdk */ = {
			isa = XCSwiftPackageProductDependency;
			package = 18A97B212C43DEFC00CB917B /* XCRemoteSwiftPackageReference "sdk" */;
			productName = OpenMeteoSdk;
		};
/* End XCSwiftPackageProductDependency section */
	};
	rootObject = 18583F242C43BA8F007DB4FA /* Project object */;
}
